
Microsoft Visual Studio Solution File, Format Version 12.00
# Visual Studio 14
VisualStudioVersion = 14.0.25420.1
MinimumVisualStudioVersion = 10.0.40219.1
Project("{FAE04EC0-301F-11D3-BF4B-00C04F79EFBC}") = "BarrowIt", "BarrowIt\BarrowIt.csproj", "{73403EBC-2CD7-47EE-B509-5DA39E851929}"
EndProject
Project("{FAE04EC0-301F-11D3-BF4B-00C04F79EFBC}") = "BarrowIt.Tests", "BarrowIt.Tests\BarrowIt.Tests.csproj", "{98B6F3D5-81D2-4FDF-BFD0-56DCC1327984}"
EndProject
Global
	GlobalSection(SolutionConfigurationPlatforms) = preSolution
		Debug|Any CPU = Debug|Any CPU
		Release|Any CPU = Release|Any CPU
	EndGlobalSection
	GlobalSection(ProjectConfigurationPlatforms) = postSolution
		{73403EBC-2CD7-47EE-B509-5DA39E851929}.Debug|Any CPU.ActiveCfg = Debug|Any CPU
		{73403EBC-2CD7-47EE-B509-5DA39E851929}.Debug|Any CPU.Build.0 = Debug|Any CPU
		{73403EBC-2CD7-47EE-B509-5DA39E851929}.Release|Any CPU.ActiveCfg = Release|Any CPU
		{73403EBC-2CD7-47EE-B509-5DA39E851929}.Release|Any CPU.Build.0 = Release|Any CPU
		{98B6F3D5-81D2-4FDF-BFD0-56DCC1327984}.Debug|Any CPU.ActiveCfg = Debug|Any CPU
		{98B6F3D5-81D2-4FDF-BFD0-56DCC1327984}.Debug|Any CPU.Build.0 = Debug|Any CPU
		{98B6F3D5-81D2-4FDF-BFD0-56DCC1327984}.Release|Any CPU.ActiveCfg = Release|Any CPU
		{98B6F3D5-81D2-4FDF-BFD0-56DCC1327984}.Release|Any CPU.Build.0 = Release|Any CPU
	EndGlobalSection
	GlobalSection(SolutionProperties) = preSolution
		HideSolutionNode = FALSE
	EndGlobalSection
EndGlobal
